
Microsoft Visual Studio Solution File, Format Version 12.00
# Visual Studio Version 16
VisualStudioVersion = 16.0.33027.164
MinimumVisualStudioVersion = 10.0.40219.1
Project("{FAE04EC0-301F-11D3-BF4B-00C04F79EFBC}") = "Ejercicio_03_Karenia", "Ejercicio_03_Karenia\Ejercicio_03_Karenia.csproj", "{09591B84-43F1-4560-9C93-9C1610D2AEED}"
EndProject
Global
	GlobalSection(SolutionConfigurationPlatforms) = preSolution
		Debug|Any CPU = Debug|Any CPU
		Release|Any CPU = Release|Any CPU
	EndGlobalSection
	GlobalSection(ProjectConfigurationPlatforms) = postSolution
		{09591B84-43F1-4560-9C93-9C1610D2AEED}.Debug|Any CPU.ActiveCfg = Debug|Any CPU
		{09591B84-43F1-4560-9C93-9C1610D2AEED}.Debug|Any CPU.Build.0 = Debug|Any CPU
		{09591B84-43F1-4560-9C93-9C1610D2AEED}.Release|Any CPU.ActiveCfg = Release|Any CPU
		{09591B84-43F1-4560-9C93-9C1610D2AEED}.Release|Any CPU.Build.0 = Release|Any CPU
	EndGlobalSection
	GlobalSection(SolutionProperties) = preSolution
		HideSolutionNode = FALSE
	EndGlobalSection
	GlobalSection(ExtensibilityGlobals) = postSolution
		SolutionGuid = {657D17ED-AB24-425E-B74E-FA3E3997E4DF}
	EndGlobalSection
EndGlobal
